
Microsoft Visual Studio Solution File, Format Version 12.00
Project("{FAE04EC0-301F-11D3-BF4B-00C04F79EFBC}") = "PubquizBackend", "PubquizBackend\PubquizBackend.csproj", "{8359E956-4D7B-43C1-9D9C-4EAC4A8950F1}"
EndProject
Global
	GlobalSection(SolutionConfigurationPlatforms) = preSolution
		Debug|Any CPU = Debug|Any CPU
		Release|Any CPU = Release|Any CPU
	EndGlobalSection
	GlobalSection(ProjectConfigurationPlatforms) = postSolution
		{8359E956-4D7B-43C1-9D9C-4EAC4A8950F1}.Debug|Any CPU.ActiveCfg = Debug|Any CPU
		{8359E956-4D7B-43C1-9D9C-4EAC4A8950F1}.Debug|Any CPU.Build.0 = Debug|Any CPU
		{8359E956-4D7B-43C1-9D9C-4EAC4A8950F1}.Release|Any CPU.ActiveCfg = Release|Any CPU
		{8359E956-4D7B-43C1-9D9C-4EAC4A8950F1}.Release|Any CPU.Build.0 = Release|Any CPU
	EndGlobalSection
EndGlobal
